
Microsoft Visual Studio Solution File, Format Version 12.00
# Visual Studio Version 16
VisualStudioVersion = 16.0.31729.503
MinimumVisualStudioVersion = 10.0.40219.1
Project("{FAE04EC0-301F-11D3-BF4B-00C04F79EFBC}") = "com.tweetapp.data", "com.tweetapp.data\com.tweetapp.data.csproj", "{5C43F255-C73C-4DEF-994C-DA5364F9E59E}"
EndProject
Project("{FAE04EC0-301F-11D3-BF4B-00C04F79EFBC}") = "com.tweetapp.models", "com.tweetapp.models\com.tweetapp.models.csproj", "{52F3E3D3-B678-4637-A873-B29A9A6B292C}"
EndProject
Project("{FAE04EC0-301F-11D3-BF4B-00C04F79EFBC}") = "com.tweetapp.host", "com.tweetapp.host\com.tweetapp.host.csproj", "{B4268BB8-DFF0-4165-9454-C120F884368A}"
EndProject
Global
	GlobalSection(SolutionConfigurationPlatforms) = preSolution
		Debug|Any CPU = Debug|Any CPU
		Release|Any CPU = Release|Any CPU
	EndGlobalSection
	GlobalSection(ProjectConfigurationPlatforms) = postSolution
		{5C43F255-C73C-4DEF-994C-DA5364F9E59E}.Debug|Any CPU.ActiveCfg = Debug|Any CPU
		{5C43F255-C73C-4DEF-994C-DA5364F9E59E}.Debug|Any CPU.Build.0 = Debug|Any CPU
		{5C43F255-C73C-4DEF-994C-DA5364F9E59E}.Release|Any CPU.ActiveCfg = Release|Any CPU
		{5C43F255-C73C-4DEF-994C-DA5364F9E59E}.Release|Any CPU.Build.0 = Release|Any CPU
		{52F3E3D3-B678-4637-A873-B29A9A6B292C}.Debug|Any CPU.ActiveCfg = Debug|Any CPU
		{52F3E3D3-B678-4637-A873-B29A9A6B292C}.Debug|Any CPU.Build.0 = Debug|Any CPU
		{52F3E3D3-B678-4637-A873-B29A9A6B292C}.Release|Any CPU.ActiveCfg = Release|Any CPU
		{52F3E3D3-B678-4637-A873-B29A9A6B292C}.Release|Any CPU.Build.0 = Release|Any CPU
		{B4268BB8-DFF0-4165-9454-C120F884368A}.Debug|Any CPU.ActiveCfg = Debug|Any CPU
		{B4268BB8-DFF0-4165-9454-C120F884368A}.Debug|Any CPU.Build.0 = Debug|Any CPU
		{B4268BB8-DFF0-4165-9454-C120F884368A}.Release|Any CPU.ActiveCfg = Release|Any CPU
		{B4268BB8-DFF0-4165-9454-C120F884368A}.Release|Any CPU.Build.0 = Release|Any CPU
	EndGlobalSection
	GlobalSection(SolutionProperties) = preSolution
		HideSolutionNode = FALSE
	EndGlobalSection
	GlobalSection(ExtensibilityGlobals) = postSolution
		SolutionGuid = {A36AF3C1-B284-4158-9B0A-CA7572C4D04D}
	EndGlobalSection
EndGlobal
